
Microsoft Visual Studio Solution File, Format Version 12.00
# Visual Studio Version 17
VisualStudioVersion = 17.0.31903.59
MinimumVisualStudioVersion = 10.0.40219.1
Project("{FAE04EC0-301F-11D3-BF4B-00C04F79EFBC}") = "ProducerApp", "ProducerApp\ProducerApp.csproj", "{8EB2F333-B082-4CFB-9BB3-6954429BE3EA}"
EndProject
Project("{FAE04EC0-301F-11D3-BF4B-00C04F79EFBC}") = "ConsumerApp", "ConsumerApp\ConsumerApp.csproj", "{51BD7B0A-17E1-4C4A-BA06-950A4A20E307}"
EndProject
Global
	GlobalSection(SolutionConfigurationPlatforms) = preSolution
		Debug|Any CPU = Debug|Any CPU
		Release|Any CPU = Release|Any CPU
	EndGlobalSection
	GlobalSection(SolutionProperties) = preSolution
		HideSolutionNode = FALSE
	EndGlobalSection
	GlobalSection(ProjectConfigurationPlatforms) = postSolution
		{8EB2F333-B082-4CFB-9BB3-6954429BE3EA}.Debug|Any CPU.ActiveCfg = Debug|Any CPU
		{8EB2F333-B082-4CFB-9BB3-6954429BE3EA}.Debug|Any CPU.Build.0 = Debug|Any CPU
		{8EB2F333-B082-4CFB-9BB3-6954429BE3EA}.Release|Any CPU.ActiveCfg = Release|Any CPU
		{8EB2F333-B082-4CFB-9BB3-6954429BE3EA}.Release|Any CPU.Build.0 = Release|Any CPU
		{51BD7B0A-17E1-4C4A-BA06-950A4A20E307}.Debug|Any CPU.ActiveCfg = Debug|Any CPU
		{51BD7B0A-17E1-4C4A-BA06-950A4A20E307}.Debug|Any CPU.Build.0 = Debug|Any CPU
		{51BD7B0A-17E1-4C4A-BA06-950A4A20E307}.Release|Any CPU.ActiveCfg = Release|Any CPU
		{51BD7B0A-17E1-4C4A-BA06-950A4A20E307}.Release|Any CPU.Build.0 = Release|Any CPU
	EndGlobalSection
EndGlobal
